// !$*UTF8*$!
{
	archiveVersion = 1;
	classes = {
	};
	objectVersion = 55;
	objects = {

/* Begin PBXBuildFile section */
		FDA20B7228DCF90500E2566F /* AppDelegate.swift in Sources */ = {isa = PBXBuildFile; fileRef = FDA20B7128DCF90500E2566F /* AppDelegate.swift */; };
		FDA20B7428DCF90500E2566F /* SceneDelegate.swift in Sources */ = {isa = PBXBuildFile; fileRef = FDA20B7328DCF90500E2566F /* SceneDelegate.swift */; };
		FDA20B7628DCF90500E2566F /* ViewController.swift in Sources */ = {isa = PBXBuildFile; fileRef = FDA20B7528DCF90500E2566F /* ViewController.swift */; };
		FDA20B7928DCF90500E2566F /* Main.storyboard in Resources */ = {isa = PBXBuildFile; fileRef = FDA20B7728DCF90500E2566F /* Main.storyboard */; };
		FDA20B7B28DCF90700E2566F /* Assets.xcassets in Resources */ = {isa = PBXBuildFile; fileRef = FDA20B7A28DCF90700E2566F /* Assets.xcassets */; };
		FDA20B7E28DCF90700E2566F /* LaunchScreen.storyboard in Resources */ = {isa = PBXBuildFile; fileRef = FDA20B7C28DCF90700E2566F /* LaunchScreen.storyboard */; };
		FDA20B8728DCF92C00E2566F /* FreestarAds-TAM in Frameworks */ = {isa = PBXBuildFile; productRef = FDA20B8628DCF92C00E2566F /* FreestarAds-TAM */; };
		FDA20B8928DD068600E2566F /* BannerAdView.swift in Sources */ = {isa = PBXBuildFile; fileRef = FDA20B8828DD068600E2566F /* BannerAdView.swift */; };
/* End PBXBuildFile section */

/* Begin PBXFileReference section */
		FDA20B6E28DCF90500E2566F /* BrainlyBanner_M10_548.app */ = {isa = PBXFileReference; explicitFileType = wrapper.application; includeInIndex = 0; path = BrainlyBanner_M10_548.app; sourceTree = BUILT_PRODUCTS_DIR; };
		FDA20B7128DCF90500E2566F /* AppDelegate.swift */ = {isa = PBXFileReference; lastKnownFileType = sourcecode.swift; path = AppDelegate.swift; sourceTree = "<group>"; };
		FDA20B7328DCF90500E2566F /* SceneDelegate.swift */ = {isa = PBXFileReference; lastKnownFileType = sourcecode.swift; path = SceneDelegate.swift; sourceTree = "<group>"; };
		FDA20B7528DCF90500E2566F /* ViewController.swift */ = {isa = PBXFileReference; lastKnownFileType = sourcecode.swift; path = ViewController.swift; sourceTree = "<group>"; };
		FDA20B7828DCF90500E2566F /* Base */ = {isa = PBXFileReference; lastKnownFileType = file.storyboard; name = Base; path = Base.lproj/Main.storyboard; sourceTree = "<group>"; };
		FDA20B7A28DCF90700E2566F /* Assets.xcassets */ = {isa = PBXFileReference; lastKnownFileType = folder.assetcatalog; path = Assets.xcassets; sourceTree = "<group>"; };
		FDA20B7D28DCF90700E2566F /* Base */ = {isa = PBXFileReference; lastKnownFileType = file.storyboard; name = Base; path = Base.lproj/LaunchScreen.storyboard; sourceTree = "<group>"; };
		FDA20B7F28DCF90700E2566F /* Info.plist */ = {isa = PBXFileReference; lastKnownFileType = text.plist.xml; path = Info.plist; sourceTree = "<group>"; };
		FDA20B8828DD068600E2566F /* BannerAdView.swift */ = {isa = PBXFileReference; lastKnownFileType = sourcecode.swift; path = BannerAdView.swift; sourceTree = "<group>"; };
/* End PBXFileReference section */

/* Begin PBXFrameworksBuildPhase section */
		FDA20B6B28DCF90500E2566F /* Frameworks */ = {
			isa = PBXFrameworksBuildPhase;
			buildActionMask = 2147483647;
			files = (
				FDA20B8728DCF92C00E2566F /* FreestarAds-TAM in Frameworks */,
			);
			runOnlyForDeploymentPostprocessing = 0;
		};
/* End PBXFrameworksBuildPhase section */

/* Begin PBXGroup section */
		FDA20B6528DCF90400E2566F = {
			isa = PBXGroup;
			children = (
				FDA20B7028DCF90500E2566F /* BrainlyBanner_M10_548 */,
				FDA20B6F28DCF90500E2566F /* Products */,
			);
			sourceTree = "<group>";
		};
		FDA20B6F28DCF90500E2566F /* Products */ = {
			isa = PBXGroup;
			children = (
				FDA20B6E28DCF90500E2566F /* BrainlyBanner_M10_548.app */,
			);
			name = Products;
			sourceTree = "<group>";
		};
		FDA20B7028DCF90500E2566F /* BrainlyBanner_M10_548 */ = {
			isa = PBXGroup;
			children = (
				FDA20B7128DCF90500E2566F /* AppDelegate.swift */,
				FDA20B7328DCF90500E2566F /* SceneDelegate.swift */,
				FDA20B7528DCF90500E2566F /* ViewController.swift */,
				FDA20B8828DD068600E2566F /* BannerAdView.swift */,
				FDA20B7728DCF90500E2566F /* Main.storyboard */,
				FDA20B7A28DCF90700E2566F /* Assets.xcassets */,
				FDA20B7C28DCF90700E2566F /* LaunchScreen.storyboard */,
				FDA20B7F28DCF90700E2566F /* Info.plist */,
			);
			path = BrainlyBanner_M10_548;
			sourceTree = "<group>";
		};
/* End PBXGroup section */

/* Begin PBXNativeTarget section */
		FDA20B6D28DCF90500E2566F /* BrainlyBanner_M10_548 */ = {
			isa = PBXNativeTarget;
			buildConfigurationList = FDA20B8228DCF90700E2566F /* Build configuration list for PBXNativeTarget "BrainlyBanner_M10_548" */;
			buildPhases = (
				FDA20B6A28DCF90500E2566F /* Sources */,
				FDA20B6B28DCF90500E2566F /* Frameworks */,
				FDA20B6C28DCF90500E2566F /* Resources */,
			);
			buildRules = (
			);
			dependencies = (
			);
			name = BrainlyBanner_M10_548;
			packageProductDependencies = (
				FDA20B8628DCF92C00E2566F /* FreestarAds-TAM */,
			);
			productName = BrainlyBanner_M10_548;
			productReference = FDA20B6E28DCF90500E2566F /* BrainlyBanner_M10_548.app */;
			productType = "com.apple.product-type.application";
		};
/* End PBXNativeTarget section */

/* Begin PBXProject section */
		FDA20B6628DCF90500E2566F /* Project object */ = {
			isa = PBXProject;
			attributes = {
				BuildIndependentTargetsInParallel = 1;
				LastSwiftUpdateCheck = 1340;
				LastUpgradeCheck = 1340;
				TargetAttributes = {
					FDA20B6D28DCF90500E2566F = {
						CreatedOnToolsVersion = 13.4.1;
					};
				};
			};
			buildConfigurationList = FDA20B6928DCF90500E2566F /* Build configuration list for PBXProject "BrainlyBanner_M10_548" */;
			compatibilityVersion = "Xcode 13.0";
			developmentRegion = en;
			hasScannedForEncodings = 0;
			knownRegions = (
				en,
				Base,
			);
			mainGroup = FDA20B6528DCF90400E2566F;
			packageReferences = (
				FDA20B8528DCF92C00E2566F /* XCRemoteSwiftPackageReference "spm-freestarads-tam" */,
			);
			productRefGroup = FDA20B6F28DCF90500E2566F /* Products */;
			projectDirPath = "";
			projectRoot = "";
			targets = (
				FDA20B6D28DCF90500E2566F /* BrainlyBanner_M10_548 */,
			);
		};
/* End PBXProject section */

/* Begin PBXResourcesBuildPhase section */
		FDA20B6C28DCF90500E2566F /* Resources */ = {
			isa = PBXResourcesBuildPhase;
			buildActionMask = 2147483647;
			files = (
				FDA20B7E28DCF90700E2566F /* LaunchScreen.storyboard in Resources */,
				FDA20B7B28DCF90700E2566F /* Assets.xcassets in Resources */,
				FDA20B7928DCF90500E2566F /* Main.storyboard in Resources */,
			);
			runOnlyForDeploymentPostprocessing = 0;
		};
/* End PBXResourcesBuildPhase section */

/* Begin PBXSourcesBuildPhase section */
		FDA20B6A28DCF90500E2566F /* Sources */ = {
			isa = PBXSourcesBuildPhase;
			buildActionMask = 2147483647;
			files = (
				FDA20B7628DCF90500E2566F /* ViewController.swift in Sources */,
				FDA20B7228DCF90500E2566F /* AppDelegate.swift in Sources */,
				FDA20B7428DCF90500E2566F /* SceneDelegate.swift in Sources */,
				FDA20B8928DD068600E2566F /* BannerAdView.swift in Sources */,
			);
			runOnlyForDeploymentPostprocessing = 0;
		};
/* End PBXSourcesBuildPhase section */

/* Begin PBXVariantGroup section */
		FDA20B7728DCF90500E2566F /* Main.storyboard */ = {
			isa = PBXVariantGroup;
			children = (
				FDA20B7828DCF90500E2566F /* Base */,
			);
			name = Main.storyboard;
			sourceTree = "<group>";
		};
		FDA20B7C28DCF90700E2566F /* LaunchScreen.storyboard */ = {
			isa = PBXVariantGroup;
			children = (
				FDA20B7D28DCF90700E2566F /* Base */,
			);
			name = LaunchScreen.storyboard;
			sourceTree = "<group>";
		};
/* End PBXVariantGroup section */

/* Begin XCBuildConfiguration section */
		FDA20B8028DCF90700E2566F /* Debug */ = {
			isa = XCBuildConfiguration;
			buildSettings = {
				ALWAYS_SEARCH_USER_PATHS = NO;
				CLANG_ANALYZER_NONNULL = YES;
				CLANG_ANALYZER_NUMBER_OBJECT_CONVERSION = YES_AGGRESSIVE;
				CLANG_CXX_LANGUAGE_STANDARD = "gnu++17";
				CLANG_ENABLE_MODULES = YES;
				CLANG_ENABLE_OBJC_ARC = YES;
				CLANG_ENABLE_OBJC_WEAK = YES;
				CLANG_WARN_BLOCK_CAPTURE_AUTORELEASING = YES;
				CLANG_WARN_BOOL_CONVERSION = YES;
				CLANG_WARN_COMMA = YES;
				CLANG_WARN_CONSTANT_CONVERSION = YES;
				CLANG_WARN_DEPRECATED_OBJC_IMPLEMENTATIONS = YES;
				CLANG_WARN_DIRECT_OBJC_ISA_USAGE = YES_ERROR;
				CLANG_WARN_DOCUMENTATION_COMMENTS = YES;
				CLANG_WARN_EMPTY_BODY = YES;
				CLANG_WARN_ENUM_CONVERSION = YES;
				CLANG_WARN_INFINITE_RECURSION = YES;
				CLANG_WARN_INT_CONVERSION = YES;
				CLANG_WARN_NON_LITERAL_NULL_CONVERSION = YES;
				CLANG_WARN_OBJC_IMPLICIT_RETAIN_SELF = YES;
				CLANG_WARN_OBJC_LITERAL_CONVERSION = YES;
				CLANG_WARN_OBJC_ROOT_CLASS = YES_ERROR;
				CLANG_WARN_QUOTED_INCLUDE_IN_FRAMEWORK_HEADER = YES;
				CLANG_WARN_RANGE_LOOP_ANALYSIS = YES;
				CLANG_WARN_STRICT_PROTOTYPES = YES;
				CLANG_WARN_SUSPICIOUS_MOVE = YES;
				CLANG_WARN_UNGUARDED_AVAILABILITY = YES_AGGRESSIVE;
				CLANG_WARN_UNREACHABLE_CODE = YES;
				CLANG_WARN__DUPLICATE_METHOD_MATCH = YES;
				COPY_PHASE_STRIP = NO;
				DEBUG_INFORMATION_FORMAT = dwarf;
				ENABLE_STRICT_OBJC_MSGSEND = YES;
				ENABLE_TESTABILITY = YES;
				GCC_C_LANGUAGE_STANDARD = gnu11;
				GCC_DYNAMIC_NO_PIC = NO;
				GCC_NO_COMMON_BLOCKS = YES;
				GCC_OPTIMIZATION_LEVEL = 0;
				GCC_PREPROCESSOR_DEFINITIONS = (
					"DEBUG=1",
					"$(inherited)",
				);
				GCC_WARN_64_TO_32_BIT_CONVERSION = YES;
				GCC_WARN_ABOUT_RETURN_TYPE = YES_ERROR;
				GCC_WARN_UNDECLARED_SELECTOR = YES;
				GCC_WARN_UNINITIALIZED_AUTOS = YES_AGGRESSIVE;
				GCC_WARN_UNUSED_FUNCTION = YES;
				GCC_WARN_UNUSED_VARIABLE = YES;
				IPHONEOS_DEPLOYMENT_TARGET = 15.5;
				MTL_ENABLE_DEBUG_INFO = INCLUDE_SOURCE;
				MTL_FAST_MATH = YES;
				ONLY_ACTIVE_ARCH = YES;
				SDKROOT = iphoneos;
				SWIFT_ACTIVE_COMPILATION_CONDITIONS = DEBUG;
				SWIFT_OPTIMIZATION_LEVEL = "-Onone";
			};
			name = Debug;
		};
		FDA20B8128DCF90700E2566F /* Release */ = {
			isa = XCBuildConfiguration;
			buildSettings = {
				ALWAYS_SEARCH_USER_PATHS = NO;
				CLANG_ANALYZER_NONNULL = YES;
				CLANG_ANALYZER_NUMBER_OBJECT_CONVERSION = YES_AGGRESSIVE;
				CLANG_CXX_LANGUAGE_STANDARD = "gnu++17";
				CLANG_ENABLE_MODULES = YES;
				CLANG_ENABLE_OBJC_ARC = YES;
				CLANG_ENABLE_OBJC_WEAK = YES;
				CLANG_WARN_BLOCK_CAPTURE_AUTORELEASING = YES;
				CLANG_WARN_BOOL_CONVERSION = YES;
				CLANG_WARN_COMMA = YES;
				CLANG_WARN_CONSTANT_CONVERSION = YES;
				CLANG_WARN_DEPRECATED_OBJC_IMPLEMENTATIONS = YES;
				CLANG_WARN_DIRECT_OBJC_ISA_USAGE = YES_ERROR;
				CLANG_WARN_DOCUMENTATION_COMMENTS = YES;
				CLANG_WARN_EMPTY_BODY = YES;
				CLANG_WARN_ENUM_CONVERSION = YES;
				CLANG_WARN_INFINITE_RECURSION = YES;
				CLANG_WARN_INT_CONVERSION = YES;
				CLANG_WARN_NON_LITERAL_NULL_CONVERSION = YES;
				CLANG_WARN_OBJC_IMPLICIT_RETAIN_SELF = YES;
				CLANG_WARN_OBJC_LITERAL_CONVERSION = YES;
				CLANG_WARN_OBJC_ROOT_CLASS = YES_ERROR;
				CLANG_WARN_QUOTED_INCLUDE_IN_FRAMEWORK_HEADER = YES;
				CLANG_WARN_RANGE_LOOP_ANALYSIS = YES;
				CLANG_WARN_STRICT_PROTOTYPES = YES;
				CLANG_WARN_SUSPICIOUS_MOVE = YES;
				CLANG_WARN_UNGUARDED_AVAILABILITY = YES_AGGRESSIVE;
				CLANG_WARN_UNREACHABLE_CODE = YES;
				CLANG_WARN__DUPLICATE_METHOD_MATCH = YES;
				COPY_PHASE_STRIP = NO;
				DEBUG_INFORMATION_FORMAT = "dwarf-with-dsym";
				ENABLE_NS_ASSERTIONS = NO;
				ENABLE_STRICT_OBJC_MSGSEND = YES;
				GCC_C_LANGUAGE_STANDARD = gnu11;
				GCC_NO_COMMON_BLOCKS = YES;
				GCC_WARN_64_TO_32_BIT_CONVERSION = YES;
				GCC_WARN_ABOUT_RETURN_TYPE = YES_ERROR;
				GCC_WARN_UNDECLARED_SELECTOR = YES;
				GCC_WARN_UNINITIALIZED_AUTOS = YES_AGGRESSIVE;
				GCC_WARN_UNUSED_FUNCTION = YES;
				GCC_WARN_UNUSED_VARIABLE = YES;
				IPHONEOS_DEPLOYMENT_TARGET = 15.5;
				MTL_ENABLE_DEBUG_INFO = NO;
				MTL_FAST_MATH = YES;
				SDKROOT = iphoneos;
				SWIFT_COMPILATION_MODE = wholemodule;
				SWIFT_OPTIMIZATION_LEVEL = "-O";
				VALIDATE_PRODUCT = YES;
			};
			name = Release;
		};
		FDA20B8328DCF90700E2566F /* Debug */ = {
			isa = XCBuildConfiguration;
			buildSettings = {
				ASSETCATALOG_COMPILER_APPICON_NAME = AppIcon;
				ASSETCATALOG_COMPILER_GLOBAL_ACCENT_COLOR_NAME = AccentColor;
				CODE_SIGN_STYLE = Automatic;
				CURRENT_PROJECT_VERSION = 1;
				DEVELOPMENT_TEAM = FLA943DDZ8;
				GENERATE_INFOPLIST_FILE = YES;
				INFOPLIST_FILE = BrainlyBanner_M10_548/Info.plist;
				INFOPLIST_KEY_UIApplicationSupportsIndirectInputEvents = YES;
				INFOPLIST_KEY_UILaunchStoryboardName = LaunchScreen;
				INFOPLIST_KEY_UIMainStoryboardFile = Main;
				INFOPLIST_KEY_UISupportedInterfaceOrientations_iPad = "UIInterfaceOrientationPortrait UIInterfaceOrientationPortraitUpsideDown UIInterfaceOrientationLandscapeLeft UIInterfaceOrientationLandscapeRight";
				INFOPLIST_KEY_UISupportedInterfaceOrientations_iPhone = "UIInterfaceOrientationPortrait UIInterfaceOrientationLandscapeLeft UIInterfaceOrientationLandscapeRight";
				LD_RUNPATH_SEARCH_PATHS = (
					"$(inherited)",
					"@executable_path/Frameworks",
				);
				MARKETING_VERSION = 1.0;
				PRODUCT_BUNDLE_IDENTIFIER = "com.freestar.BrainlyBanner-M10-548";
				PRODUCT_NAME = "$(TARGET_NAME)";
				SWIFT_EMIT_LOC_STRINGS = YES;
				SWIFT_VERSION = 5.0;
				TARGETED_DEVICE_FAMILY = "1,2";
			};
			name = Debug;
		};
		FDA20B8428DCF90700E2566F /* Release */ = {
			isa = XCBuildConfiguration;
			buildSettings = {
				ASSETCATALOG_COMPILER_APPICON_NAME = AppIcon;
				ASSETCATALOG_COMPILER_GLOBAL_ACCENT_COLOR_NAME = AccentColor;
				CODE_SIGN_STYLE = Automatic;
				CURRENT_PROJECT_VERSION = 1;
				DEVELOPMENT_TEAM = FLA943DDZ8;
				GENERATE_INFOPLIST_FILE = YES;
				INFOPLIST_FILE = BrainlyBanner_M10_548/Info.plist;
				INFOPLIST_KEY_UIApplicationSupportsIndirectInputEvents = YES;
				INFOPLIST_KEY_UILaunchStoryboardName = LaunchScreen;
				INFOPLIST_KEY_UIMainStoryboardFile = Main;
				INFOPLIST_KEY_UISupportedInterfaceOrientations_iPad = "UIInterfaceOrientationPortrait UIInterfaceOrientationPortraitUpsideDown UIInterfaceOrientationLandscapeLeft UIInterfaceOrientationLandscapeRight";
				INFOPLIST_KEY_UISupportedInterfaceOrientations_iPhone = "UIInterfaceOrientationPortrait UIInterfaceOrientationLandscapeLeft UIInterfaceOrientationLandscapeRight";
				LD_RUNPATH_SEARCH_PATHS = (
					"$(inherited)",
					"@executable_path/Frameworks",
				);
				MARKETING_VERSION = 1.0;
				PRODUCT_BUNDLE_IDENTIFIER = "com.freestar.BrainlyBanner-M10-548";
				PRODUCT_NAME = "$(TARGET_NAME)";
				SWIFT_EMIT_LOC_STRINGS = YES;
				SWIFT_VERSION = 5.0;
				TARGETED_DEVICE_FAMILY = "1,2";
			};
			name = Release;
		};
/* End XCBuildConfiguration section */

/* Begin XCConfigurationList section */
		FDA20B6928DCF90500E2566F /* Build configuration list for PBXProject "BrainlyBanner_M10_548" */ = {
			isa = XCConfigurationList;
			buildConfigurations = (
				FDA20B8028DCF90700E2566F /* Debug */,
				FDA20B8128DCF90700E2566F /* Release */,
			);
			defaultConfigurationIsVisible = 0;
			defaultConfigurationName = Release;
		};
		FDA20B8228DCF90700E2566F /* Build configuration list for PBXNativeTarget "BrainlyBanner_M10_548" */ = {
			isa = XCConfigurationList;
			buildConfigurations = (
				FDA20B8328DCF90700E2566F /* Debug */,
				FDA20B8428DCF90700E2566F /* Release */,
			);
			defaultConfigurationIsVisible = 0;
			defaultConfigurationName = Release;
		};
/* End XCConfigurationList section */

/* Begin XCRemoteSwiftPackageReference section */
		FDA20B8528DCF92C00E2566F /* XCRemoteSwiftPackageReference "spm-freestarads-tam" */ = {
			isa = XCRemoteSwiftPackageReference;
			repositoryURL = "https://gitlab.com/freestar/spm-freestarads-tam.git";
			requirement = {
				kind = upToNextMajorVersion;
				minimumVersion = 4.0.0;
			};
		};
/* End XCRemoteSwiftPackageReference section */

/* Begin XCSwiftPackageProductDependency section */
		FDA20B8628DCF92C00E2566F /* FreestarAds-TAM */ = {
			isa = XCSwiftPackageProductDependency;
			package = FDA20B8528DCF92C00E2566F /* XCRemoteSwiftPackageReference "spm-freestarads-tam" */;
			productName = "FreestarAds-TAM";
		};
/* End XCSwiftPackageProductDependency section */
	};
	rootObject = FDA20B6628DCF90500E2566F /* Project object */;
}
